// !$*UTF8*$!
{
	archiveVersion = 1;
	classes = {
	};
	objectVersion = 50;
	objects = {

/* Begin PBXBuildFile section */
		497BE96B22AE2FD800597F2E /* AppDelegate.swift in Sources */ = {isa = PBXBuildFile; fileRef = 497BE96A22AE2FD800597F2E /* AppDelegate.swift */; };
		497BE96D22AE2FD800597F2E /* ViewController.swift in Sources */ = {isa = PBXBuildFile; fileRef = 497BE96C22AE2FD800597F2E /* ViewController.swift */; };
		497BE97022AE2FD800597F2E /* Main.storyboard in Resources */ = {isa = PBXBuildFile; fileRef = 497BE96E22AE2FD800597F2E /* Main.storyboard */; };
		497BE97322AE2FD800597F2E /* Trend2201.xcdatamodeld in Sources */ = {isa = PBXBuildFile; fileRef = 497BE97122AE2FD800597F2E /* Trend2201.xcdatamodeld */; };
		497BE97522AE2FDB00597F2E /* Assets.xcassets in Resources */ = {isa = PBXBuildFile; fileRef = 497BE97422AE2FDB00597F2E /* Assets.xcassets */; };
		497BE97822AE2FDB00597F2E /* LaunchScreen.storyboard in Resources */ = {isa = PBXBuildFile; fileRef = 497BE97622AE2FDB00597F2E /* LaunchScreen.storyboard */; };
		497BE98322AE31E300597F2E /* trend2201.json in Resources */ = {isa = PBXBuildFile; fileRef = 497BE98222AE31E200597F2E /* trend2201.json */; };
		497BE98722AE32DB00597F2E /* TrendModel.swift in Sources */ = {isa = PBXBuildFile; fileRef = 497BE98622AE32DB00597F2E /* TrendModel.swift */; };
		497BE98B22AE497A00597F2E /* DataProvider.swift in Sources */ = {isa = PBXBuildFile; fileRef = 497BE98A22AE497A00597F2E /* DataProvider.swift */; };
		497BE98D22AE7ED500597F2E /* StockChartViewController.swift in Sources */ = {isa = PBXBuildFile; fileRef = 497BE98C22AE7ED500597F2E /* StockChartViewController.swift */; };
		497BE99522AF380200597F2E /* UIScreen+Extension.swift in Sources */ = {isa = PBXBuildFile; fileRef = 497BE99422AF380200597F2E /* UIScreen+Extension.swift */; };
		497BE9BC22AF831C00597F2E /* ShapeLayerManager.swift in Sources */ = {isa = PBXBuildFile; fileRef = 497BE9BB22AF831C00597F2E /* ShapeLayerManager.swift */; };
		497BE9BE22AF84AF00597F2E /* CGColor+Extension.swift in Sources */ = {isa = PBXBuildFile; fileRef = 497BE9BD22AF84AF00597F2E /* CGColor+Extension.swift */; };
		497BE9C022AF95EC00597F2E /* UILabel+Extension.swift in Sources */ = {isa = PBXBuildFile; fileRef = 497BE9BF22AF95EC00597F2E /* UILabel+Extension.swift */; };
		497BE9C222AF9D2C00597F2E /* GridManager.swift in Sources */ = {isa = PBXBuildFile; fileRef = 497BE9C122AF9D2C00597F2E /* GridManager.swift */; };
		C2947EA7A08A77A6C953E9FD /* Pods_Trend2201.framework in Frameworks */ = {isa = PBXBuildFile; fileRef = CCEADBE65DF7C505D638D4B5 /* Pods_Trend2201.framework */; };
/* End PBXBuildFile section */

/* Begin PBXFileReference section */
		0C174695E45A2476F4361850 /* Pods-Trend2201.release.xcconfig */ = {isa = PBXFileReference; includeInIndex = 1; lastKnownFileType = text.xcconfig; name = "Pods-Trend2201.release.xcconfig"; path = "Target Support Files/Pods-Trend2201/Pods-Trend2201.release.xcconfig"; sourceTree = "<group>"; };
		497BE96722AE2FD800597F2E /* Trend2201.app */ = {isa = PBXFileReference; explicitFileType = wrapper.application; includeInIndex = 0; path = Trend2201.app; sourceTree = BUILT_PRODUCTS_DIR; };
		497BE96A22AE2FD800597F2E /* AppDelegate.swift */ = {isa = PBXFileReference; lastKnownFileType = sourcecode.swift; path = AppDelegate.swift; sourceTree = "<group>"; };
		497BE96C22AE2FD800597F2E /* ViewController.swift */ = {isa = PBXFileReference; lastKnownFileType = sourcecode.swift; path = ViewController.swift; sourceTree = "<group>"; };
		497BE96F22AE2FD800597F2E /* Base */ = {isa = PBXFileReference; lastKnownFileType = file.storyboard; name = Base; path = Base.lproj/Main.storyboard; sourceTree = "<group>"; };
		497BE97222AE2FD800597F2E /* Trend2201.xcdatamodel */ = {isa = PBXFileReference; lastKnownFileType = wrapper.xcdatamodel; path = Trend2201.xcdatamodel; sourceTree = "<group>"; };
		497BE97422AE2FDB00597F2E /* Assets.xcassets */ = {isa = PBXFileReference; lastKnownFileType = folder.assetcatalog; path = Assets.xcassets; sourceTree = "<group>"; };
		497BE97722AE2FDB00597F2E /* Base */ = {isa = PBXFileReference; lastKnownFileType = file.storyboard; name = Base; path = Base.lproj/LaunchScreen.storyboard; sourceTree = "<group>"; };
		497BE97922AE2FDB00597F2E /* Info.plist */ = {isa = PBXFileReference; lastKnownFileType = text.plist.xml; path = Info.plist; sourceTree = "<group>"; };
		497BE98222AE31E200597F2E /* trend2201.json */ = {isa = PBXFileReference; fileEncoding = 4; lastKnownFileType = text.json; path = trend2201.json; sourceTree = "<group>"; };
		497BE98622AE32DB00597F2E /* TrendModel.swift */ = {isa = PBXFileReference; lastKnownFileType = sourcecode.swift; path = TrendModel.swift; sourceTree = "<group>"; };
		497BE98A22AE497A00597F2E /* DataProvider.swift */ = {isa = PBXFileReference; lastKnownFileType = sourcecode.swift; path = DataProvider.swift; sourceTree = "<group>"; };
		497BE98C22AE7ED500597F2E /* StockChartViewController.swift */ = {isa = PBXFileReference; lastKnownFileType = sourcecode.swift; path = StockChartViewController.swift; sourceTree = "<group>"; };
		497BE99422AF380200597F2E /* UIScreen+Extension.swift */ = {isa = PBXFileReference; lastKnownFileType = sourcecode.swift; path = "UIScreen+Extension.swift"; sourceTree = "<group>"; };
		497BE9BB22AF831C00597F2E /* ShapeLayerManager.swift */ = {isa = PBXFileReference; lastKnownFileType = sourcecode.swift; path = ShapeLayerManager.swift; sourceTree = "<group>"; };
		497BE9BD22AF84AF00597F2E /* CGColor+Extension.swift */ = {isa = PBXFileReference; lastKnownFileType = sourcecode.swift; path = "CGColor+Extension.swift"; sourceTree = "<group>"; };
		497BE9BF22AF95EC00597F2E /* UILabel+Extension.swift */ = {isa = PBXFileReference; lastKnownFileType = sourcecode.swift; path = "UILabel+Extension.swift"; sourceTree = "<group>"; };
		497BE9C122AF9D2C00597F2E /* GridManager.swift */ = {isa = PBXFileReference; lastKnownFileType = sourcecode.swift; path = GridManager.swift; sourceTree = "<group>"; };
		AA70B15BAF23CB64317F31F9 /* Pods-Trend2201.debug.xcconfig */ = {isa = PBXFileReference; includeInIndex = 1; lastKnownFileType = text.xcconfig; name = "Pods-Trend2201.debug.xcconfig"; path = "Target Support Files/Pods-Trend2201/Pods-Trend2201.debug.xcconfig"; sourceTree = "<group>"; };
		CCEADBE65DF7C505D638D4B5 /* Pods_Trend2201.framework */ = {isa = PBXFileReference; explicitFileType = wrapper.framework; includeInIndex = 0; path = Pods_Trend2201.framework; sourceTree = BUILT_PRODUCTS_DIR; };
/* End PBXFileReference section */

/* Begin PBXFrameworksBuildPhase section */
		497BE96422AE2FD800597F2E /* Frameworks */ = {
			isa = PBXFrameworksBuildPhase;
			buildActionMask = 2147483647;
			files = (
				C2947EA7A08A77A6C953E9FD /* Pods_Trend2201.framework in Frameworks */,
			);
			runOnlyForDeploymentPostprocessing = 0;
		};
/* End PBXFrameworksBuildPhase section */

/* Begin PBXGroup section */
		497BE95E22AE2FD800597F2E = {
			isa = PBXGroup;
			children = (
				497BE96922AE2FD800597F2E /* Trend2201 */,
				497BE96822AE2FD800597F2E /* Products */,
				567A5C45E44DFCD86E209C07 /* Pods */,
				6346E06C935030034B203689 /* Frameworks */,
			);
			sourceTree = "<group>";
		};
		497BE96822AE2FD800597F2E /* Products */ = {
			isa = PBXGroup;
			children = (
				497BE96722AE2FD800597F2E /* Trend2201.app */,
			);
			name = Products;
			sourceTree = "<group>";
		};
		497BE96922AE2FD800597F2E /* Trend2201 */ = {
			isa = PBXGroup;
			children = (
				497BE96A22AE2FD800597F2E /* AppDelegate.swift */,
				497BE96C22AE2FD800597F2E /* ViewController.swift */,
				497BE9C722AFAE4B00597F2E /* Extension */,
				497BE98122AE31D500597F2E /* Controller */,
				497BE98022AE31CF00597F2E /* View */,
				497BE97F22AE31C200597F2E /* Model */,
				497BE96E22AE2FD800597F2E /* Main.storyboard */,
				497BE97422AE2FDB00597F2E /* Assets.xcassets */,
				497BE97622AE2FDB00597F2E /* LaunchScreen.storyboard */,
				497BE97922AE2FDB00597F2E /* Info.plist */,
				497BE97122AE2FD800597F2E /* Trend2201.xcdatamodeld */,
			);
			path = Trend2201;
			sourceTree = "<group>";
		};
		497BE97F22AE31C200597F2E /* Model */ = {
			isa = PBXGroup;
			children = (
				497BE98222AE31E200597F2E /* trend2201.json */,
				497BE98622AE32DB00597F2E /* TrendModel.swift */,
				497BE98A22AE497A00597F2E /* DataProvider.swift */,
			);
			path = Model;
			sourceTree = "<group>";
		};
		497BE98022AE31CF00597F2E /* View */ = {
			isa = PBXGroup;
			children = (
				497BE9BB22AF831C00597F2E /* ShapeLayerManager.swift */,
				497BE9C122AF9D2C00597F2E /* GridManager.swift */,
			);
			path = View;
			sourceTree = "<group>";
		};
		497BE98122AE31D500597F2E /* Controller */ = {
			isa = PBXGroup;
			children = (
				497BE98C22AE7ED500597F2E /* StockChartViewController.swift */,
			);
			path = Controller;
			sourceTree = "<group>";
		};
		497BE9C722AFAE4B00597F2E /* Extension */ = {
			isa = PBXGroup;
			children = (
				497BE99422AF380200597F2E /* UIScreen+Extension.swift */,
				497BE9BD22AF84AF00597F2E /* CGColor+Extension.swift */,
				497BE9BF22AF95EC00597F2E /* UILabel+Extension.swift */,
			);
			path = Extension;
			sourceTree = "<group>";
		};
		567A5C45E44DFCD86E209C07 /* Pods */ = {
			isa = PBXGroup;
			children = (
				AA70B15BAF23CB64317F31F9 /* Pods-Trend2201.debug.xcconfig */,
				0C174695E45A2476F4361850 /* Pods-Trend2201.release.xcconfig */,
			);
			path = Pods;
			sourceTree = "<group>";
		};
		6346E06C935030034B203689 /* Frameworks */ = {
			isa = PBXGroup;
			children = (
				CCEADBE65DF7C505D638D4B5 /* Pods_Trend2201.framework */,
			);
			name = Frameworks;
			sourceTree = "<group>";
		};
/* End PBXGroup section */

/* Begin PBXNativeTarget section */
		497BE96622AE2FD800597F2E /* Trend2201 */ = {
			isa = PBXNativeTarget;
			buildConfigurationList = 497BE97C22AE2FDB00597F2E /* Build configuration list for PBXNativeTarget "Trend2201" */;
			buildPhases = (
				867BDB83A231BECC7F6B4D0F /* [CP] Check Pods Manifest.lock */,
				497BE96322AE2FD800597F2E /* Sources */,
				497BE96422AE2FD800597F2E /* Frameworks */,
				497BE96522AE2FD800597F2E /* Resources */,
			);
			buildRules = (
			);
			dependencies = (
			);
			name = Trend2201;
			productName = Trend2201;
			productReference = 497BE96722AE2FD800597F2E /* Trend2201.app */;
			productType = "com.apple.product-type.application";
		};
/* End PBXNativeTarget section */

/* Begin PBXProject section */
		497BE95F22AE2FD800597F2E /* Project object */ = {
			isa = PBXProject;
			attributes = {
				LastSwiftUpdateCheck = 1020;
				LastUpgradeCheck = 1020;
				ORGANIZATIONNAME = AppWork;
				TargetAttributes = {
					497BE96622AE2FD800597F2E = {
						CreatedOnToolsVersion = 10.2;
					};
				};
			};
			buildConfigurationList = 497BE96222AE2FD800597F2E /* Build configuration list for PBXProject "Trend2201" */;
			compatibilityVersion = "Xcode 9.3";
			developmentRegion = en;
			hasScannedForEncodings = 0;
			knownRegions = (
				en,
				Base,
			);
			mainGroup = 497BE95E22AE2FD800597F2E;
			productRefGroup = 497BE96822AE2FD800597F2E /* Products */;
			projectDirPath = "";
			projectRoot = "";
			targets = (
				497BE96622AE2FD800597F2E /* Trend2201 */,
			);
		};
/* End PBXProject section */

/* Begin PBXResourcesBuildPhase section */
		497BE96522AE2FD800597F2E /* Resources */ = {
			isa = PBXResourcesBuildPhase;
			buildActionMask = 2147483647;
			files = (
				497BE98322AE31E300597F2E /* trend2201.json in Resources */,
				497BE97822AE2FDB00597F2E /* LaunchScreen.storyboard in Resources */,
				497BE97522AE2FDB00597F2E /* Assets.xcassets in Resources */,
				497BE97022AE2FD800597F2E /* Main.storyboard in Resources */,
			);
			runOnlyForDeploymentPostprocessing = 0;
		};
/* End PBXResourcesBuildPhase section */

/* Begin PBXShellScriptBuildPhase section */
		867BDB83A231BECC7F6B4D0F /* [CP] Check Pods Manifest.lock */ = {
			isa = PBXShellScriptBuildPhase;
			buildActionMask = 2147483647;
			files = (
			);
			inputFileListPaths = (
			);
			inputPaths = (
				"${PODS_PODFILE_DIR_PATH}/Podfile.lock",
				"${PODS_ROOT}/Manifest.lock",
			);
			name = "[CP] Check Pods Manifest.lock";
			outputFileListPaths = (
			);
			outputPaths = (
				"$(DERIVED_FILE_DIR)/Pods-Trend2201-checkManifestLockResult.txt",
			);
			runOnlyForDeploymentPostprocessing = 0;
			shellPath = /bin/sh;
			shellScript = "diff \"${PODS_PODFILE_DIR_PATH}/Podfile.lock\" \"${PODS_ROOT}/Manifest.lock\" > /dev/null\nif [ $? != 0 ] ; then\n    # print error to STDERR\n    echo \"error: The sandbox is not in sync with the Podfile.lock. Run 'pod install' or update your CocoaPods installation.\" >&2\n    exit 1\nfi\n# This output is used by Xcode 'outputs' to avoid re-running this script phase.\necho \"SUCCESS\" > \"${SCRIPT_OUTPUT_FILE_0}\"\n";
			showEnvVarsInLog = 0;
		};
/* End PBXShellScriptBuildPhase section */

/* Begin PBXSourcesBuildPhase section */
		497BE96322AE2FD800597F2E /* Sources */ = {
			isa = PBXSourcesBuildPhase;
			buildActionMask = 2147483647;
			files = (
				497BE98B22AE497A00597F2E /* DataProvider.swift in Sources */,
				497BE97322AE2FD800597F2E /* Trend2201.xcdatamodeld in Sources */,
				497BE9C022AF95EC00597F2E /* UILabel+Extension.swift in Sources */,
				497BE98722AE32DB00597F2E /* TrendModel.swift in Sources */,
				497BE9BC22AF831C00597F2E /* ShapeLayerManager.swift in Sources */,
				497BE96D22AE2FD800597F2E /* ViewController.swift in Sources */,
				497BE9C222AF9D2C00597F2E /* GridManager.swift in Sources */,
				497BE9BE22AF84AF00597F2E /* CGColor+Extension.swift in Sources */,
				497BE98D22AE7ED500597F2E /* StockChartViewController.swift in Sources */,
				497BE96B22AE2FD800597F2E /* AppDelegate.swift in Sources */,
				497BE99522AF380200597F2E /* UIScreen+Extension.swift in Sources */,
			);
			runOnlyForDeploymentPostprocessing = 0;
		};
/* End PBXSourcesBuildPhase section */

/* Begin PBXVariantGroup section */
		497BE96E22AE2FD800597F2E /* Main.storyboard */ = {
			isa = PBXVariantGroup;
			children = (
				497BE96F22AE2FD800597F2E /* Base */,
			);
			name = Main.storyboard;
			sourceTree = "<group>";
		};
		497BE97622AE2FDB00597F2E /* LaunchScreen.storyboard */ = {
			isa = PBXVariantGroup;
			children = (
				497BE97722AE2FDB00597F2E /* Base */,
			);
			name = LaunchScreen.storyboard;
			sourceTree = "<group>";
		};
/* End PBXVariantGroup section */

/* Begin XCBuildConfiguration section */
		497BE97A22AE2FDB00597F2E /* Debug */ = {
			isa = XCBuildConfiguration;
			buildSettings = {
				ALWAYS_SEARCH_USER_PATHS = NO;
				CLANG_ANALYZER_NONNULL = YES;
				CLANG_ANALYZER_NUMBER_OBJECT_CONVERSION = YES_AGGRESSIVE;
				CLANG_CXX_LANGUAGE_STANDARD = "gnu++14";
				CLANG_CXX_LIBRARY = "libc++";
				CLANG_ENABLE_MODULES = YES;
				CLANG_ENABLE_OBJC_ARC = YES;
				CLANG_ENABLE_OBJC_WEAK = YES;
				CLANG_WARN_BLOCK_CAPTURE_AUTORELEASING = YES;
				CLANG_WARN_BOOL_CONVERSION = YES;
				CLANG_WARN_COMMA = YES;
				CLANG_WARN_CONSTANT_CONVERSION = YES;
				CLANG_WARN_DEPRECATED_OBJC_IMPLEMENTATIONS = YES;
				CLANG_WARN_DIRECT_OBJC_ISA_USAGE = YES_ERROR;
				CLANG_WARN_DOCUMENTATION_COMMENTS = YES;
				CLANG_WARN_EMPTY_BODY = YES;
				CLANG_WARN_ENUM_CONVERSION = YES;
				CLANG_WARN_INFINITE_RECURSION = YES;
				CLANG_WARN_INT_CONVERSION = YES;
				CLANG_WARN_NON_LITERAL_NULL_CONVERSION = YES;
				CLANG_WARN_OBJC_IMPLICIT_RETAIN_SELF = YES;
				CLANG_WARN_OBJC_LITERAL_CONVERSION = YES;
				CLANG_WARN_OBJC_ROOT_CLASS = YES_ERROR;
				CLANG_WARN_RANGE_LOOP_ANALYSIS = YES;
				CLANG_WARN_STRICT_PROTOTYPES = YES;
				CLANG_WARN_SUSPICIOUS_MOVE = YES;
				CLANG_WARN_UNGUARDED_AVAILABILITY = YES_AGGRESSIVE;
				CLANG_WARN_UNREACHABLE_CODE = YES;
				CLANG_WARN__DUPLICATE_METHOD_MATCH = YES;
				CODE_SIGN_IDENTITY = "iPhone Developer";
				COPY_PHASE_STRIP = NO;
				DEBUG_INFORMATION_FORMAT = dwarf;
				ENABLE_STRICT_OBJC_MSGSEND = YES;
				ENABLE_TESTABILITY = YES;
				GCC_C_LANGUAGE_STANDARD = gnu11;
				GCC_DYNAMIC_NO_PIC = NO;
				GCC_NO_COMMON_BLOCKS = YES;
				GCC_OPTIMIZATION_LEVEL = 0;
				GCC_PREPROCESSOR_DEFINITIONS = (
					"DEBUG=1",
					"$(inherited)",
				);
				GCC_WARN_64_TO_32_BIT_CONVERSION = YES;
				GCC_WARN_ABOUT_RETURN_TYPE = YES_ERROR;
				GCC_WARN_UNDECLARED_SELECTOR = YES;
				GCC_WARN_UNINITIALIZED_AUTOS = YES_AGGRESSIVE;
				GCC_WARN_UNUSED_FUNCTION = YES;
				GCC_WARN_UNUSED_VARIABLE = YES;
				IPHONEOS_DEPLOYMENT_TARGET = 12.2;
				MTL_ENABLE_DEBUG_INFO = INCLUDE_SOURCE;
				MTL_FAST_MATH = YES;
				ONLY_ACTIVE_ARCH = YES;
				SDKROOT = iphoneos;
				SWIFT_ACTIVE_COMPILATION_CONDITIONS = DEBUG;
				SWIFT_OPTIMIZATION_LEVEL = "-Onone";
			};
			name = Debug;
		};
		497BE97B22AE2FDB00597F2E /* Release */ = {
			isa = XCBuildConfiguration;
			buildSettings = {
				ALWAYS_SEARCH_USER_PATHS = NO;
				CLANG_ANALYZER_NONNULL = YES;
				CLANG_ANALYZER_NUMBER_OBJECT_CONVERSION = YES_AGGRESSIVE;
				CLANG_CXX_LANGUAGE_STANDARD = "gnu++14";
				CLANG_CXX_LIBRARY = "libc++";
				CLANG_ENABLE_MODULES = YES;
				CLANG_ENABLE_OBJC_ARC = YES;
				CLANG_ENABLE_OBJC_WEAK = YES;
				CLANG_WARN_BLOCK_CAPTURE_AUTORELEASING = YES;
				CLANG_WARN_BOOL_CONVERSION = YES;
				CLANG_WARN_COMMA = YES;
				CLANG_WARN_CONSTANT_CONVERSION = YES;
				CLANG_WARN_DEPRECATED_OBJC_IMPLEMENTATIONS = YES;
				CLANG_WARN_DIRECT_OBJC_ISA_USAGE = YES_ERROR;
				CLANG_WARN_DOCUMENTATION_COMMENTS = YES;
				CLANG_WARN_EMPTY_BODY = YES;
				CLANG_WARN_ENUM_CONVERSION = YES;
				CLANG_WARN_INFINITE_RECURSION = YES;
				CLANG_WARN_INT_CONVERSION = YES;
				CLANG_WARN_NON_LITERAL_NULL_CONVERSION = YES;
				CLANG_WARN_OBJC_IMPLICIT_RETAIN_SELF = YES;
				CLANG_WARN_OBJC_LITERAL_CONVERSION = YES;
				CLANG_WARN_OBJC_ROOT_CLASS = YES_ERROR;
				CLANG_WARN_RANGE_LOOP_ANALYSIS = YES;
				CLANG_WARN_STRICT_PROTOTYPES = YES;
				CLANG_WARN_SUSPICIOUS_MOVE = YES;
				CLANG_WARN_UNGUARDED_AVAILABILITY = YES_AGGRESSIVE;
				CLANG_WARN_UNREACHABLE_CODE = YES;
				CLANG_WARN__DUPLICATE_METHOD_MATCH = YES;
				CODE_SIGN_IDENTITY = "iPhone Developer";
				COPY_PHASE_STRIP = NO;
				DEBUG_INFORMATION_FORMAT = "dwarf-with-dsym";
				ENABLE_NS_ASSERTIONS = NO;
				ENABLE_STRICT_OBJC_MSGSEND = YES;
				GCC_C_LANGUAGE_STANDARD = gnu11;
				GCC_NO_COMMON_BLOCKS = YES;
				GCC_WARN_64_TO_32_BIT_CONVERSION = YES;
				GCC_WARN_ABOUT_RETURN_TYPE = YES_ERROR;
				GCC_WARN_UNDECLARED_SELECTOR = YES;
				GCC_WARN_UNINITIALIZED_AUTOS = YES_AGGRESSIVE;
				GCC_WARN_UNUSED_FUNCTION = YES;
				GCC_WARN_UNUSED_VARIABLE = YES;
				IPHONEOS_DEPLOYMENT_TARGET = 12.2;
				MTL_ENABLE_DEBUG_INFO = NO;
				MTL_FAST_MATH = YES;
				SDKROOT = iphoneos;
				SWIFT_COMPILATION_MODE = wholemodule;
				SWIFT_OPTIMIZATION_LEVEL = "-O";
				VALIDATE_PRODUCT = YES;
			};
			name = Release;
		};
		497BE97D22AE2FDB00597F2E /* Debug */ = {
			isa = XCBuildConfiguration;
			baseConfigurationReference = AA70B15BAF23CB64317F31F9 /* Pods-Trend2201.debug.xcconfig */;
			buildSettings = {
				ASSETCATALOG_COMPILER_APPICON_NAME = AppIcon;
				CODE_SIGN_STYLE = Automatic;
				DEVELOPMENT_TEAM = RADQ3WCUY5;
				INFOPLIST_FILE = Trend2201/Info.plist;
				LD_RUNPATH_SEARCH_PATHS = (
					"$(inherited)",
					"@executable_path/Frameworks",
				);
				PRODUCT_BUNDLE_IDENTIFIER = Mira.Trend2201;
				PRODUCT_NAME = "$(TARGET_NAME)";
				SWIFT_VERSION = 5.0;
				TARGETED_DEVICE_FAMILY = "1,2";
			};
			name = Debug;
		};
		497BE97E22AE2FDB00597F2E /* Release */ = {
			isa = XCBuildConfiguration;
			baseConfigurationReference = 0C174695E45A2476F4361850 /* Pods-Trend2201.release.xcconfig */;
			buildSettings = {
				ASSETCATALOG_COMPILER_APPICON_NAME = AppIcon;
				CODE_SIGN_STYLE = Automatic;
				DEVELOPMENT_TEAM = RADQ3WCUY5;
				INFOPLIST_FILE = Trend2201/Info.plist;
				LD_RUNPATH_SEARCH_PATHS = (
					"$(inherited)",
					"@executable_path/Frameworks",
				);
				PRODUCT_BUNDLE_IDENTIFIER = Mira.Trend2201;
				PRODUCT_NAME = "$(TARGET_NAME)";
				SWIFT_VERSION = 5.0;
				TARGETED_DEVICE_FAMILY = "1,2";
			};
			name = Release;
		};
/* End XCBuildConfiguration section */

/* Begin XCConfigurationList section */
		497BE96222AE2FD800597F2E /* Build configuration list for PBXProject "Trend2201" */ = {
			isa = XCConfigurationList;
			buildConfigurations = (
				497BE97A22AE2FDB00597F2E /* Debug */,
				497BE97B22AE2FDB00597F2E /* Release */,
			);
			defaultConfigurationIsVisible = 0;
			defaultConfigurationName = Release;
		};
		497BE97C22AE2FDB00597F2E /* Build configuration list for PBXNativeTarget "Trend2201" */ = {
			isa = XCConfigurationList;
			buildConfigurations = (
				497BE97D22AE2FDB00597F2E /* Debug */,
				497BE97E22AE2FDB00597F2E /* Release */,
			);
			defaultConfigurationIsVisible = 0;
			defaultConfigurationName = Release;
		};
/* End XCConfigurationList section */

/* Begin XCVersionGroup section */
		497BE97122AE2FD800597F2E /* Trend2201.xcdatamodeld */ = {
			isa = XCVersionGroup;
			children = (
				497BE97222AE2FD800597F2E /* Trend2201.xcdatamodel */,
			);
			currentVersion = 497BE97222AE2FD800597F2E /* Trend2201.xcdatamodel */;
			path = Trend2201.xcdatamodeld;
			sourceTree = "<group>";
			versionGroupType = wrapper.xcdatamodel;
		};
/* End XCVersionGroup section */
	};
	rootObject = 497BE95F22AE2FD800597F2E /* Project object */;
}
